
Microsoft Visual Studio Solution File, Format Version 12.00
# Visual Studio Version 16
VisualStudioVersion = 16.0.30717.126
MinimumVisualStudioVersion = 10.0.40219.1
Project("{FAE04EC0-301F-11D3-BF4B-00C04F79EFBC}") = "Commander", "Commander\Commander.csproj", "{4C3A9E6E-0269-44EA-9DC5-0D337D9F8286}"
EndProject
Global
	GlobalSection(SolutionConfigurationPlatforms) = preSolution
		Debug|Any CPU = Debug|Any CPU
		Release|Any CPU = Release|Any CPU
	EndGlobalSection
	GlobalSection(ProjectConfigurationPlatforms) = postSolution
		{4C3A9E6E-0269-44EA-9DC5-0D337D9F8286}.Debug|Any CPU.ActiveCfg = Debug|Any CPU
		{4C3A9E6E-0269-44EA-9DC5-0D337D9F8286}.Debug|Any CPU.Build.0 = Debug|Any CPU
		{4C3A9E6E-0269-44EA-9DC5-0D337D9F8286}.Release|Any CPU.ActiveCfg = Release|Any CPU
		{4C3A9E6E-0269-44EA-9DC5-0D337D9F8286}.Release|Any CPU.Build.0 = Release|Any CPU
	EndGlobalSection
	GlobalSection(SolutionProperties) = preSolution
		HideSolutionNode = FALSE
	EndGlobalSection
	GlobalSection(ExtensibilityGlobals) = postSolution
		SolutionGuid = {FB1053C6-08BC-4F95-B01A-5F1FA319C509}
	EndGlobalSection
EndGlobal
