
Microsoft Visual Studio Solution File, Format Version 12.00
# Visual Studio Version 16
VisualStudioVersion = 16.0.30717.126
MinimumVisualStudioVersion = 10.0.40219.1
Project("{9A19103F-16F7-4668-BE54-9A1E7A4F7556}") = "Commander", "Commander\Commander.csproj", "{4C3A9E6E-0269-44EA-9DC5-0D337D9F8286}"
EndProject
Project("{2150E333-8FDC-42A3-9474-1A3956D46DE8}") = "Solution Items", "Solution Items", "{25E052BB-653E-4E6B-B516-0FFF57137248}"
	ProjectSection(SolutionItems) = preProject
		Commander\Commander.csproj = Commander\Commander.csproj
	EndProjectSection
EndProject
Global
	GlobalSection(SolutionConfigurationPlatforms) = preSolution
		Debug|Any CPU = Debug|Any CPU
		Release|Any CPU = Release|Any CPU
	EndGlobalSection
	GlobalSection(ProjectConfigurationPlatforms) = postSolution
		{4C3A9E6E-0269-44EA-9DC5-0D337D9F8286}.Debug|Any CPU.ActiveCfg = Debug|Any CPU
		{4C3A9E6E-0269-44EA-9DC5-0D337D9F8286}.Debug|Any CPU.Build.0 = Debug|Any CPU
		{4C3A9E6E-0269-44EA-9DC5-0D337D9F8286}.Release|Any CPU.ActiveCfg = Release|Any CPU
		{4C3A9E6E-0269-44EA-9DC5-0D337D9F8286}.Release|Any CPU.Build.0 = Release|Any CPU
	EndGlobalSection
	GlobalSection(SolutionProperties) = preSolution
		HideSolutionNode = FALSE
	EndGlobalSection
	GlobalSection(ExtensibilityGlobals) = postSolution
		SolutionGuid = {FB1053C6-08BC-4F95-B01A-5F1FA319C509}
	EndGlobalSection
EndGlobal
